// !$*UTF8*$!
{
	archiveVersion = 1;
	classes = {
	};
	objectVersion = 46;
	objects = {

/* Begin PBXBuildFile section */
		E1D1BC2B1B3706E800923B1A /* AppDelegate.swift in Sources */ = {isa = PBXBuildFile; fileRef = E1D1BC2A1B3706E800923B1A /* AppDelegate.swift */; };
		E1D1BC2D1B3706E800923B1A /* ViewController.swift in Sources */ = {isa = PBXBuildFile; fileRef = E1D1BC2C1B3706E800923B1A /* ViewController.swift */; };
		E1D1BC301B3706E800923B1A /* Main.storyboard in Resources */ = {isa = PBXBuildFile; fileRef = E1D1BC2E1B3706E800923B1A /* Main.storyboard */; };
		E1D1BC321B3706E800923B1A /* Images.xcassets in Resources */ = {isa = PBXBuildFile; fileRef = E1D1BC311B3706E800923B1A /* Images.xcassets */; };
		E1D1BC351B3706E800923B1A /* LaunchScreen.xib in Resources */ = {isa = PBXBuildFile; fileRef = E1D1BC331B3706E800923B1A /* LaunchScreen.xib */; };
		E1D1BC411B3706E800923B1A /* DemoBasiciOSControlsTests.swift in Sources */ = {isa = PBXBuildFile; fileRef = E1D1BC401B3706E800923B1A /* DemoBasiciOSControlsTests.swift */; };
/* End PBXBuildFile section */

/* Begin PBXContainerItemProxy section */
		E1D1BC3B1B3706E800923B1A /* PBXContainerItemProxy */ = {
			isa = PBXContainerItemProxy;
			containerPortal = E1D1BC1D1B3706E800923B1A /* Project object */;
			proxyType = 1;
			remoteGlobalIDString = E1D1BC241B3706E800923B1A;
			remoteInfo = DemoBasiciOSControls;
		};
/* End PBXContainerItemProxy section */

/* Begin PBXFileReference section */
		E1D1BC251B3706E800923B1A /* DemoBasiciOSControls.app */ = {isa = PBXFileReference; explicitFileType = wrapper.application; includeInIndex = 0; path = DemoBasiciOSControls.app; sourceTree = BUILT_PRODUCTS_DIR; };
		E1D1BC291B3706E800923B1A /* Info.plist */ = {isa = PBXFileReference; lastKnownFileType = text.plist.xml; path = Info.plist; sourceTree = "<group>"; };
		E1D1BC2A1B3706E800923B1A /* AppDelegate.swift */ = {isa = PBXFileReference; lastKnownFileType = sourcecode.swift; path = AppDelegate.swift; sourceTree = "<group>"; };
		E1D1BC2C1B3706E800923B1A /* ViewController.swift */ = {isa = PBXFileReference; lastKnownFileType = sourcecode.swift; path = ViewController.swift; sourceTree = "<group>"; };
		E1D1BC2F1B3706E800923B1A /* Base */ = {isa = PBXFileReference; lastKnownFileType = file.storyboard; name = Base; path = Base.lproj/Main.storyboard; sourceTree = "<group>"; };
		E1D1BC311B3706E800923B1A /* Images.xcassets */ = {isa = PBXFileReference; lastKnownFileType = folder.assetcatalog; path = Images.xcassets; sourceTree = "<group>"; };
		E1D1BC341B3706E800923B1A /* Base */ = {isa = PBXFileReference; lastKnownFileType = file.xib; name = Base; path = Base.lproj/LaunchScreen.xib; sourceTree = "<group>"; };
		E1D1BC3A1B3706E800923B1A /* DemoBasiciOSControlsTests.xctest */ = {isa = PBXFileReference; explicitFileType = wrapper.cfbundle; includeInIndex = 0; path = DemoBasiciOSControlsTests.xctest; sourceTree = BUILT_PRODUCTS_DIR; };
		E1D1BC3F1B3706E800923B1A /* Info.plist */ = {isa = PBXFileReference; lastKnownFileType = text.plist.xml; path = Info.plist; sourceTree = "<group>"; };
		E1D1BC401B3706E800923B1A /* DemoBasiciOSControlsTests.swift */ = {isa = PBXFileReference; lastKnownFileType = sourcecode.swift; path = DemoBasiciOSControlsTests.swift; sourceTree = "<group>"; };
/* End PBXFileReference section */

/* Begin PBXFrameworksBuildPhase section */
		E1D1BC221B3706E800923B1A /* Frameworks */ = {
			isa = PBXFrameworksBuildPhase;
			buildActionMask = 2147483647;
			files = (
			);
			runOnlyForDeploymentPostprocessing = 0;
		};
		E1D1BC371B3706E800923B1A /* Frameworks */ = {
			isa = PBXFrameworksBuildPhase;
			buildActionMask = 2147483647;
			files = (
			);
			runOnlyForDeploymentPostprocessing = 0;
		};
/* End PBXFrameworksBuildPhase section */

/* Begin PBXGroup section */
		E1D1BC1C1B3706E800923B1A = {
			isa = PBXGroup;
			children = (
				E1D1BC271B3706E800923B1A /* DemoBasiciOSControls */,
				E1D1BC3D1B3706E800923B1A /* DemoBasiciOSControlsTests */,
				E1D1BC261B3706E800923B1A /* Products */,
			);
			sourceTree = "<group>";
		};
		E1D1BC261B3706E800923B1A /* Products */ = {
			isa = PBXGroup;
			children = (
				E1D1BC251B3706E800923B1A /* DemoBasiciOSControls.app */,
				E1D1BC3A1B3706E800923B1A /* DemoBasiciOSControlsTests.xctest */,
			);
			name = Products;
			sourceTree = "<group>";
		};
		E1D1BC271B3706E800923B1A /* DemoBasiciOSControls */ = {
			isa = PBXGroup;
			children = (
				E1D1BC2A1B3706E800923B1A /* AppDelegate.swift */,
				E1D1BC2C1B3706E800923B1A /* ViewController.swift */,
				E1D1BC2E1B3706E800923B1A /* Main.storyboard */,
				E1D1BC311B3706E800923B1A /* Images.xcassets */,
				E1D1BC331B3706E800923B1A /* LaunchScreen.xib */,
				E1D1BC281B3706E800923B1A /* Supporting Files */,
			);
			path = DemoBasiciOSControls;
			sourceTree = "<group>";
		};
		E1D1BC281B3706E800923B1A /* Supporting Files */ = {
			isa = PBXGroup;
			children = (
				E1D1BC291B3706E800923B1A /* Info.plist */,
			);
			name = "Supporting Files";
			sourceTree = "<group>";
		};
		E1D1BC3D1B3706E800923B1A /* DemoBasiciOSControlsTests */ = {
			isa = PBXGroup;
			children = (
				E1D1BC401B3706E800923B1A /* DemoBasiciOSControlsTests.swift */,
				E1D1BC3E1B3706E800923B1A /* Supporting Files */,
			);
			path = DemoBasiciOSControlsTests;
			sourceTree = "<group>";
		};
		E1D1BC3E1B3706E800923B1A /* Supporting Files */ = {
			isa = PBXGroup;
			children = (
				E1D1BC3F1B3706E800923B1A /* Info.plist */,
			);
			name = "Supporting Files";
			sourceTree = "<group>";
		};
/* End PBXGroup section */

/* Begin PBXNativeTarget section */
		E1D1BC241B3706E800923B1A /* DemoBasiciOSControls */ = {
			isa = PBXNativeTarget;
			buildConfigurationList = E1D1BC441B3706E800923B1A /* Build configuration list for PBXNativeTarget "DemoBasiciOSControls" */;
			buildPhases = (
				E1D1BC211B3706E800923B1A /* Sources */,
				E1D1BC221B3706E800923B1A /* Frameworks */,
				E1D1BC231B3706E800923B1A /* Resources */,
			);
			buildRules = (
			);
			dependencies = (
			);
			name = DemoBasiciOSControls;
			productName = DemoBasiciOSControls;
			productReference = E1D1BC251B3706E800923B1A /* DemoBasiciOSControls.app */;
			productType = "com.apple.product-type.application";
		};
		E1D1BC391B3706E800923B1A /* DemoBasiciOSControlsTests */ = {
			isa = PBXNativeTarget;
			buildConfigurationList = E1D1BC471B3706E800923B1A /* Build configuration list for PBXNativeTarget "DemoBasiciOSControlsTests" */;
			buildPhases = (
				E1D1BC361B3706E800923B1A /* Sources */,
				E1D1BC371B3706E800923B1A /* Frameworks */,
				E1D1BC381B3706E800923B1A /* Resources */,
			);
			buildRules = (
			);
			dependencies = (
				E1D1BC3C1B3706E800923B1A /* PBXTargetDependency */,
			);
			name = DemoBasiciOSControlsTests;
			productName = DemoBasiciOSControlsTests;
			productReference = E1D1BC3A1B3706E800923B1A /* DemoBasiciOSControlsTests.xctest */;
			productType = "com.apple.product-type.bundle.unit-test";
		};
/* End PBXNativeTarget section */

/* Begin PBXProject section */
		E1D1BC1D1B3706E800923B1A /* Project object */ = {
			isa = PBXProject;
			attributes = {
				LastUpgradeCheck = 0630;
				ORGANIZATIONNAME = TrinhLBK;
				TargetAttributes = {
					E1D1BC241B3706E800923B1A = {
						CreatedOnToolsVersion = 6.3.1;
					};
					E1D1BC391B3706E800923B1A = {
						CreatedOnToolsVersion = 6.3.1;
						TestTargetID = E1D1BC241B3706E800923B1A;
					};
				};
			};
			buildConfigurationList = E1D1BC201B3706E800923B1A /* Build configuration list for PBXProject "DemoBasiciOSControls" */;
			compatibilityVersion = "Xcode 3.2";
			developmentRegion = English;
			hasScannedForEncodings = 0;
			knownRegions = (
				en,
				Base,
			);
			mainGroup = E1D1BC1C1B3706E800923B1A;
			productRefGroup = E1D1BC261B3706E800923B1A /* Products */;
			projectDirPath = "";
			projectRoot = "";
			targets = (
				E1D1BC241B3706E800923B1A /* DemoBasiciOSControls */,
				E1D1BC391B3706E800923B1A /* DemoBasiciOSControlsTests */,
			);
		};
/* End PBXProject section */

/* Begin PBXResourcesBuildPhase section */
		E1D1BC231B3706E800923B1A /* Resources */ = {
			isa = PBXResourcesBuildPhase;
			buildActionMask = 2147483647;
			files = (
				E1D1BC301B3706E800923B1A /* Main.storyboard in Resources */,
				E1D1BC351B3706E800923B1A /* LaunchScreen.xib in Resources */,
				E1D1BC321B3706E800923B1A /* Images.xcassets in Resources */,
			);
			runOnlyForDeploymentPostprocessing = 0;
		};
		E1D1BC381B3706E800923B1A /* Resources */ = {
			isa = PBXResourcesBuildPhase;
			buildActionMask = 2147483647;
			files = (
			);
			runOnlyForDeploymentPostprocessing = 0;
		};
/* End PBXResourcesBuildPhase section */

/* Begin PBXSourcesBuildPhase section */
		E1D1BC211B3706E800923B1A /* Sources */ = {
			isa = PBXSourcesBuildPhase;
			buildActionMask = 2147483647;
			files = (
				E1D1BC2D1B3706E800923B1A /* ViewController.swift in Sources */,
				E1D1BC2B1B3706E800923B1A /* AppDelegate.swift in Sources */,
			);
			runOnlyForDeploymentPostprocessing = 0;
		};
		E1D1BC361B3706E800923B1A /* Sources */ = {
			isa = PBXSourcesBuildPhase;
			buildActionMask = 2147483647;
			files = (
				E1D1BC411B3706E800923B1A /* DemoBasiciOSControlsTests.swift in Sources */,
			);
			runOnlyForDeploymentPostprocessing = 0;
		};
/* End PBXSourcesBuildPhase section */

/* Begin PBXTargetDependency section */
		E1D1BC3C1B3706E800923B1A /* PBXTargetDependency */ = {
			isa = PBXTargetDependency;
			target = E1D1BC241B3706E800923B1A /* DemoBasiciOSControls */;
			targetProxy = E1D1BC3B1B3706E800923B1A /* PBXContainerItemProxy */;
		};
/* End PBXTargetDependency section */

/* Begin PBXVariantGroup section */
		E1D1BC2E1B3706E800923B1A /* Main.storyboard */ = {
			isa = PBXVariantGroup;
			children = (
				E1D1BC2F1B3706E800923B1A /* Base */,
			);
			name = Main.storyboard;
			sourceTree = "<group>";
		};
		E1D1BC331B3706E800923B1A /* LaunchScreen.xib */ = {
			isa = PBXVariantGroup;
			children = (
				E1D1BC341B3706E800923B1A /* Base */,
			);
			name = LaunchScreen.xib;
			sourceTree = "<group>";
		};
/* End PBXVariantGroup section */

/* Begin XCBuildConfiguration section */
		E1D1BC421B3706E800923B1A /* Debug */ = {
			isa = XCBuildConfiguration;
			buildSettings = {
				ALWAYS_SEARCH_USER_PATHS = NO;
				CLANG_CXX_LANGUAGE_STANDARD = "gnu++0x";
				CLANG_CXX_LIBRARY = "libc++";
				CLANG_ENABLE_MODULES = YES;
				CLANG_ENABLE_OBJC_ARC = YES;
				CLANG_WARN_BOOL_CONVERSION = YES;
				CLANG_WARN_CONSTANT_CONVERSION = YES;
				CLANG_WARN_DIRECT_OBJC_ISA_USAGE = YES_ERROR;
				CLANG_WARN_EMPTY_BODY = YES;
				CLANG_WARN_ENUM_CONVERSION = YES;
				CLANG_WARN_INT_CONVERSION = YES;
				CLANG_WARN_OBJC_ROOT_CLASS = YES_ERROR;
				CLANG_WARN_UNREACHABLE_CODE = YES;
				CLANG_WARN__DUPLICATE_METHOD_MATCH = YES;
				"CODE_SIGN_IDENTITY[sdk=iphoneos*]" = "iPhone Developer";
				COPY_PHASE_STRIP = NO;
				DEBUG_INFORMATION_FORMAT = "dwarf-with-dsym";
				ENABLE_STRICT_OBJC_MSGSEND = YES;
				GCC_C_LANGUAGE_STANDARD = gnu99;
				GCC_DYNAMIC_NO_PIC = NO;
				GCC_NO_COMMON_BLOCKS = YES;
				GCC_OPTIMIZATION_LEVEL = 0;
				GCC_PREPROCESSOR_DEFINITIONS = (
					"DEBUG=1",
					"$(inherited)",
				);
				GCC_SYMBOLS_PRIVATE_EXTERN = NO;
				GCC_WARN_64_TO_32_BIT_CONVERSION = YES;
				GCC_WARN_ABOUT_RETURN_TYPE = YES_ERROR;
				GCC_WARN_UNDECLARED_SELECTOR = YES;
				GCC_WARN_UNINITIALIZED_AUTOS = YES_AGGRESSIVE;
				GCC_WARN_UNUSED_FUNCTION = YES;
				GCC_WARN_UNUSED_VARIABLE = YES;
				IPHONEOS_DEPLOYMENT_TARGET = 8.3;
				MTL_ENABLE_DEBUG_INFO = YES;
				ONLY_ACTIVE_ARCH = YES;
				SDKROOT = iphoneos;
				SWIFT_OPTIMIZATION_LEVEL = "-Onone";
				TARGETED_DEVICE_FAMILY = "1,2";
			};
			name = Debug;
		};
		E1D1BC431B3706E800923B1A /* Release */ = {
			isa = XCBuildConfiguration;
			buildSettings = {
				ALWAYS_SEARCH_USER_PATHS = NO;
				CLANG_CXX_LANGUAGE_STANDARD = "gnu++0x";
				CLANG_CXX_LIBRARY = "libc++";
				CLANG_ENABLE_MODULES = YES;
				CLANG_ENABLE_OBJC_ARC = YES;
				CLANG_WARN_BOOL_CONVERSION = YES;
				CLANG_WARN_CONSTANT_CONVERSION = YES;
				CLANG_WARN_DIRECT_OBJC_ISA_USAGE = YES_ERROR;
				CLANG_WARN_EMPTY_BODY = YES;
				CLANG_WARN_ENUM_CONVERSION = YES;
				CLANG_WARN_INT_CONVERSION = YES;
				CLANG_WARN_OBJC_ROOT_CLASS = YES_ERROR;
				CLANG_WARN_UNREACHABLE_CODE = YES;
				CLANG_WARN__DUPLICATE_METHOD_MATCH = YES;
				"CODE_SIGN_IDENTITY[sdk=iphoneos*]" = "iPhone Developer";
				COPY_PHASE_STRIP = NO;
				DEBUG_INFORMATION_FORMAT = "dwarf-with-dsym";
				ENABLE_NS_ASSERTIONS = NO;
				ENABLE_STRICT_OBJC_MSGSEND = YES;
				GCC_C_LANGUAGE_STANDARD = gnu99;
				GCC_NO_COMMON_BLOCKS = YES;
				GCC_WARN_64_TO_32_BIT_CONVERSION = YES;
				GCC_WARN_ABOUT_RETURN_TYPE = YES_ERROR;
				GCC_WARN_UNDECLARED_SELECTOR = YES;
				GCC_WARN_UNINITIALIZED_AUTOS = YES_AGGRESSIVE;
				GCC_WARN_UNUSED_FUNCTION = YES;
				GCC_WARN_UNUSED_VARIABLE = YES;
				IPHONEOS_DEPLOYMENT_TARGET = 8.3;
				MTL_ENABLE_DEBUG_INFO = NO;
				SDKROOT = iphoneos;
				TARGETED_DEVICE_FAMILY = "1,2";
				VALIDATE_PRODUCT = YES;
			};
			name = Release;
		};
		E1D1BC451B3706E800923B1A /* Debug */ = {
			isa = XCBuildConfiguration;
			buildSettings = {
				ASSETCATALOG_COMPILER_APPICON_NAME = AppIcon;
				INFOPLIST_FILE = DemoBasiciOSControls/Info.plist;
				LD_RUNPATH_SEARCH_PATHS = "$(inherited) @executable_path/Frameworks";
				PRODUCT_NAME = "$(TARGET_NAME)";
			};
			name = Debug;
		};
		E1D1BC461B3706E800923B1A /* Release */ = {
			isa = XCBuildConfiguration;
			buildSettings = {
				ASSETCATALOG_COMPILER_APPICON_NAME = AppIcon;
				INFOPLIST_FILE = DemoBasiciOSControls/Info.plist;
				LD_RUNPATH_SEARCH_PATHS = "$(inherited) @executable_path/Frameworks";
				PRODUCT_NAME = "$(TARGET_NAME)";
			};
			name = Release;
		};
		E1D1BC481B3706E800923B1A /* Debug */ = {
			isa = XCBuildConfiguration;
			buildSettings = {
				BUNDLE_LOADER = "$(TEST_HOST)";
				FRAMEWORK_SEARCH_PATHS = (
					"$(SDKROOT)/Developer/Library/Frameworks",
					"$(inherited)",
				);
				GCC_PREPROCESSOR_DEFINITIONS = (
					"DEBUG=1",
					"$(inherited)",
				);
				INFOPLIST_FILE = DemoBasiciOSControlsTests/Info.plist;
				LD_RUNPATH_SEARCH_PATHS = "$(inherited) @executable_path/Frameworks @loader_path/Frameworks";
				PRODUCT_NAME = "$(TARGET_NAME)";
				TEST_HOST = "$(BUILT_PRODUCTS_DIR)/DemoBasiciOSControls.app/DemoBasiciOSControls";
			};
			name = Debug;
		};
		E1D1BC491B3706E800923B1A /* Release */ = {
			isa = XCBuildConfiguration;
			buildSettings = {
				BUNDLE_LOADER = "$(TEST_HOST)";
				FRAMEWORK_SEARCH_PATHS = (
					"$(SDKROOT)/Developer/Library/Frameworks",
					"$(inherited)",
				);
				INFOPLIST_FILE = DemoBasiciOSControlsTests/Info.plist;
				LD_RUNPATH_SEARCH_PATHS = "$(inherited) @executable_path/Frameworks @loader_path/Frameworks";
				PRODUCT_NAME = "$(TARGET_NAME)";
				TEST_HOST = "$(BUILT_PRODUCTS_DIR)/DemoBasiciOSControls.app/DemoBasiciOSControls";
			};
			name = Release;
		};
/* End XCBuildConfiguration section */

/* Begin XCConfigurationList section */
		E1D1BC201B3706E800923B1A /* Build configuration list for PBXProject "DemoBasiciOSControls" */ = {
			isa = XCConfigurationList;
			buildConfigurations = (
				E1D1BC421B3706E800923B1A /* Debug */,
				E1D1BC431B3706E800923B1A /* Release */,
			);
			defaultConfigurationIsVisible = 0;
			defaultConfigurationName = Release;
		};
		E1D1BC441B3706E800923B1A /* Build configuration list for PBXNativeTarget "DemoBasiciOSControls" */ = {
			isa = XCConfigurationList;
			buildConfigurations = (
				E1D1BC451B3706E800923B1A /* Debug */,
				E1D1BC461B3706E800923B1A /* Release */,
			);
			defaultConfigurationIsVisible = 0;
		};
		E1D1BC471B3706E800923B1A /* Build configuration list for PBXNativeTarget "DemoBasiciOSControlsTests" */ = {
			isa = XCConfigurationList;
			buildConfigurations = (
				E1D1BC481B3706E800923B1A /* Debug */,
				E1D1BC491B3706E800923B1A /* Release */,
			);
			defaultConfigurationIsVisible = 0;
		};
/* End XCConfigurationList section */
	};
	rootObject = E1D1BC1D1B3706E800923B1A /* Project object */;
}
